
Microsoft Visual Studio Solution File, Format Version 12.00
# Visual Studio Version 16
VisualStudioVersion = 16.0.32106.194
MinimumVisualStudioVersion = 10.0.40219.1
Project("{FAE04EC0-301F-11D3-BF4B-00C04F79EFBC}") = "Analyzer2", "Analyzer2\Analyzer2\Analyzer2.csproj", "{D6D82874-74F1-4150-9774-6CB397157ED4}"
EndProject
Project("{FAE04EC0-301F-11D3-BF4B-00C04F79EFBC}") = "Analyzer2.CodeFixes", "Analyzer2\Analyzer2.CodeFixes\Analyzer2.CodeFixes.csproj", "{35DE8626-362D-4C82-B226-3BEC8515DB6F}"
EndProject
Project("{FAE04EC0-301F-11D3-BF4B-00C04F79EFBC}") = "Analyzer2.Package", "Analyzer2\Analyzer2.Package\Analyzer2.Package.csproj", "{A7073DD3-6809-4EF0-AD1F-D7B648CEE5A5}"
EndProject
Project("{FAE04EC0-301F-11D3-BF4B-00C04F79EFBC}") = "Analyzer2.Test", "Analyzer2\Analyzer2.Test\Analyzer2.Test.csproj", "{16238D65-C945-49F0-A88C-978B7C0CEB40}"
EndProject
Project("{FAE04EC0-301F-11D3-BF4B-00C04F79EFBC}") = "Analyzer2.Vsix", "Analyzer2\Analyzer2.Vsix\Analyzer2.Vsix.csproj", "{1484208F-53E7-4992-A4AD-55B6F0C5B139}"
EndProject
Global
	GlobalSection(SolutionConfigurationPlatforms) = preSolution
		Debug|Any CPU = Debug|Any CPU
		Release|Any CPU = Release|Any CPU
	EndGlobalSection
	GlobalSection(ProjectConfigurationPlatforms) = postSolution
		{D6D82874-74F1-4150-9774-6CB397157ED4}.Debug|Any CPU.ActiveCfg = Debug|Any CPU
		{D6D82874-74F1-4150-9774-6CB397157ED4}.Debug|Any CPU.Build.0 = Debug|Any CPU
		{D6D82874-74F1-4150-9774-6CB397157ED4}.Release|Any CPU.ActiveCfg = Release|Any CPU
		{D6D82874-74F1-4150-9774-6CB397157ED4}.Release|Any CPU.Build.0 = Release|Any CPU
		{35DE8626-362D-4C82-B226-3BEC8515DB6F}.Debug|Any CPU.ActiveCfg = Debug|Any CPU
		{35DE8626-362D-4C82-B226-3BEC8515DB6F}.Debug|Any CPU.Build.0 = Debug|Any CPU
		{35DE8626-362D-4C82-B226-3BEC8515DB6F}.Release|Any CPU.ActiveCfg = Release|Any CPU
		{35DE8626-362D-4C82-B226-3BEC8515DB6F}.Release|Any CPU.Build.0 = Release|Any CPU
		{A7073DD3-6809-4EF0-AD1F-D7B648CEE5A5}.Debug|Any CPU.ActiveCfg = Debug|Any CPU
		{A7073DD3-6809-4EF0-AD1F-D7B648CEE5A5}.Debug|Any CPU.Build.0 = Debug|Any CPU
		{A7073DD3-6809-4EF0-AD1F-D7B648CEE5A5}.Release|Any CPU.ActiveCfg = Release|Any CPU
		{A7073DD3-6809-4EF0-AD1F-D7B648CEE5A5}.Release|Any CPU.Build.0 = Release|Any CPU
		{16238D65-C945-49F0-A88C-978B7C0CEB40}.Debug|Any CPU.ActiveCfg = Debug|Any CPU
		{16238D65-C945-49F0-A88C-978B7C0CEB40}.Debug|Any CPU.Build.0 = Debug|Any CPU
		{16238D65-C945-49F0-A88C-978B7C0CEB40}.Release|Any CPU.ActiveCfg = Release|Any CPU
		{16238D65-C945-49F0-A88C-978B7C0CEB40}.Release|Any CPU.Build.0 = Release|Any CPU
		{1484208F-53E7-4992-A4AD-55B6F0C5B139}.Debug|Any CPU.ActiveCfg = Debug|Any CPU
		{1484208F-53E7-4992-A4AD-55B6F0C5B139}.Debug|Any CPU.Build.0 = Debug|Any CPU
		{1484208F-53E7-4992-A4AD-55B6F0C5B139}.Release|Any CPU.ActiveCfg = Release|Any CPU
		{1484208F-53E7-4992-A4AD-55B6F0C5B139}.Release|Any CPU.Build.0 = Release|Any CPU
	EndGlobalSection
	GlobalSection(SolutionProperties) = preSolution
		HideSolutionNode = FALSE
	EndGlobalSection
	GlobalSection(ExtensibilityGlobals) = postSolution
		SolutionGuid = {73F8CB10-6C99-436B-B5F3-E3AA8778186B}
	EndGlobalSection
EndGlobal
